version = 1
revision = 2
requires-python = ">=3.7"
resolution-markers = [
    "platform_machine != 'aarch64' or sys_platform != 'linux'",
    "platform_machine == 'aarch64' and sys_platform == 'linux'",
]

[[package]]
name = "hrnet-facial-landmark-detection"
version = "0.1.0"
source = { virtual = "." }
dependencies = [
    { name = "torch", version = "1.13.0", source = { registry = "https://download.pytorch.org/whl/cu116" }, marker = "platform_machine == 'aarch64' and sys_platform == 'linux'" },
    { name = "torch", version = "1.13.0+cu116", source = { registry = "https://download.pytorch.org/whl/cu116" }, marker = "platform_machine != 'aarch64' or sys_platform != 'linux'" },
]

[package.metadata]
requires-dist = [{ name = "torch", specifier = "==1.13.0" }]

[[package]]
name = "torch"
version = "1.13.0"
source = { registry = "https://download.pytorch.org/whl/cu116" }
resolution-markers = [
    "platform_machine == 'aarch64' and sys_platform == 'linux'",
]
dependencies = [
    { name = "typing-extensions", marker = "platform_machine == 'aarch64' and sys_platform == 'linux'" },
]
wheels = [
    { url = "https://download.pytorch.org/whl/torch-1.13.0-cp310-cp310-manylinux2014_aarch64.whl", hash = "sha256:d2d2753519415d154de4d3e64d2eaaeefdba6b6fd7d69d5ffaef595988117700" },
    { url = "https://download.pytorch.org/whl/torch-1.13.0-cp37-cp37m-manylinux2014_aarch64.whl", hash = "sha256:bb33a911460475d1594a8c8cb73f58c08293211760796d99cae8c2509b86d7f1" },
    { url = "https://download.pytorch.org/whl/torch-1.13.0-cp38-cp38-manylinux2014_aarch64.whl", hash = "sha256:635dbb99d981a6483ca533b3dc7be18ef08dd9e1e96fb0bb0e6a99d79e85a130" },
    { url = "https://download.pytorch.org/whl/torch-1.13.0-cp39-cp39-manylinux2014_aarch64.whl", hash = "sha256:e20df14d874b024851c58e8bb3846249cb120e677f7463f60c986e3661f88680" },
]

[[package]]
name = "torch"
version = "1.13.0+cu116"
source = { registry = "https://download.pytorch.org/whl/cu116" }
resolution-markers = [
    "platform_machine != 'aarch64' or sys_platform != 'linux'",
]
dependencies = [
    { name = "typing-extensions", marker = "platform_machine != 'aarch64' or sys_platform != 'linux'" },
]
wheels = [
    { url = "https://download.pytorch.org/whl/cu116/torch-1.13.0%2Bcu116-cp310-cp310-linux_x86_64.whl", hash = "sha256:31218793334775bc63af95e1ea3b18694eaa902aeea5fd9b3215abaf22eafad0" },
    { url = "https://download.pytorch.org/whl/cu116/torch-1.13.0%2Bcu116-cp310-cp310-win_amd64.whl", hash = "sha256:799421803c39e36c969fdb0811e58f4c646588b90a35fabb9896752811928ad9" },
    { url = "https://download.pytorch.org/whl/cu116/torch-1.13.0%2Bcu116-cp311-cp311-linux_x86_64.whl", hash = "sha256:b49598ab06ce2a8d143553aff72616e5ea0fbe6fc8d7f2236c3aed9dd2ab7b24" },
    { url = "https://download.pytorch.org/whl/cu116/torch-1.13.0%2Bcu116-cp37-cp37m-linux_x86_64.whl", hash = "sha256:191c4c4241a0b6874d214531907a5a419a18cf7ea8813d33252a8995c4f06c7e" },
    { url = "https://download.pytorch.org/whl/cu116/torch-1.13.0%2Bcu116-cp37-cp37m-win_amd64.whl", hash = "sha256:ea9b09fac51ef9a241d29176465dd149708ff61eb04a2fbc01217c7f813f81d2" },
    { url = "https://download.pytorch.org/whl/cu116/torch-1.13.0%2Bcu116-cp38-cp38-linux_x86_64.whl", hash = "sha256:56cb9d84018ff2fd36cdb94a30fcf92ef641557dbf38710c411a18cef321505f" },
    { url = "https://download.pytorch.org/whl/cu116/torch-1.13.0%2Bcu116-cp38-cp38-win_amd64.whl", hash = "sha256:170654b91c371c18f4468f8fd91c3b419ff2c97d216495631ff3b8594d4ee1a3" },
    { url = "https://download.pytorch.org/whl/cu116/torch-1.13.0%2Bcu116-cp39-cp39-linux_x86_64.whl", hash = "sha256:129d95249fe20ccd83d156323a5e2a6aba83e18841a00ac724e270ad806dd493" },
    { url = "https://download.pytorch.org/whl/cu116/torch-1.13.0%2Bcu116-cp39-cp39-win_amd64.whl", hash = "sha256:15d3ee5d7ea8809548dd5139e064dab8a7c7bc98e599fadc13606d8fac577540" },
]

[[package]]
name = "typing-extensions"
version = "4.4.0"
source = { registry = "https://download.pytorch.org/whl/cu116" }
wheels = [
    { url = "https://download.pytorch.org/whl/typing_extensions-4.4.0-py3-none-any.whl", hash = "sha256:16fa4864408f655d35ec496218b85f79b3437c829e93320c7c9215ccfd92489e" },
]
